
Microsoft Visual Studio Solution File, Format Version 12.00
# Visual Studio Version 17
VisualStudioVersion = 17.2.32616.157
MinimumVisualStudioVersion = 10.0.40219.1
Project("{FAE04EC0-301F-11D3-BF4B-00C04F79EFBC}") = "Strategy", "Strategy\Strategy.csproj", "{44E9FDC8-406E-4171-8A2B-7E2EFA5D6CBD}"
EndProject
Project("{FAE04EC0-301F-11D3-BF4B-00C04F79EFBC}") = "Investimento", "Investimento\Investimento.csproj", "{C1AA2268-B9CF-4F1D-8BF1-56914E6298F3}"
EndProject
Project("{FAE04EC0-301F-11D3-BF4B-00C04F79EFBC}") = "ChainOfResponsability", "ChainOfResponsability\ChainOfResponsability.csproj", "{3D72E474-AD13-4718-8C1C-1AF4A5F6B994}"
EndProject
Project("{FAE04EC0-301F-11D3-BF4B-00C04F79EFBC}") = "TemplateMethod", "TemplateMethod\TemplateMethod.csproj", "{220FA83E-B20A-4845-B6FB-7B4AEB5C5E68}"
EndProject
Project("{FAE04EC0-301F-11D3-BF4B-00C04F79EFBC}") = "Decorator", "Decorator\Decorator.csproj", "{E3E3DB92-5F94-44ED-A65A-380FA544A8A1}"
EndProject
Project("{FAE04EC0-301F-11D3-BF4B-00C04F79EFBC}") = "State", "State\State.csproj", "{CDFF4BD9-C0BC-4B4A-8D8B-0AA73D0DDAB3}"
EndProject
Global
	GlobalSection(SolutionConfigurationPlatforms) = preSolution
		Debug|Any CPU = Debug|Any CPU
		Release|Any CPU = Release|Any CPU
	EndGlobalSection
	GlobalSection(ProjectConfigurationPlatforms) = postSolution
		{44E9FDC8-406E-4171-8A2B-7E2EFA5D6CBD}.Debug|Any CPU.ActiveCfg = Debug|Any CPU
		{44E9FDC8-406E-4171-8A2B-7E2EFA5D6CBD}.Debug|Any CPU.Build.0 = Debug|Any CPU
		{44E9FDC8-406E-4171-8A2B-7E2EFA5D6CBD}.Release|Any CPU.ActiveCfg = Release|Any CPU
		{44E9FDC8-406E-4171-8A2B-7E2EFA5D6CBD}.Release|Any CPU.Build.0 = Release|Any CPU
		{C1AA2268-B9CF-4F1D-8BF1-56914E6298F3}.Debug|Any CPU.ActiveCfg = Debug|Any CPU
		{C1AA2268-B9CF-4F1D-8BF1-56914E6298F3}.Debug|Any CPU.Build.0 = Debug|Any CPU
		{C1AA2268-B9CF-4F1D-8BF1-56914E6298F3}.Release|Any CPU.ActiveCfg = Release|Any CPU
		{C1AA2268-B9CF-4F1D-8BF1-56914E6298F3}.Release|Any CPU.Build.0 = Release|Any CPU
		{3D72E474-AD13-4718-8C1C-1AF4A5F6B994}.Debug|Any CPU.ActiveCfg = Debug|Any CPU
		{3D72E474-AD13-4718-8C1C-1AF4A5F6B994}.Debug|Any CPU.Build.0 = Debug|Any CPU
		{3D72E474-AD13-4718-8C1C-1AF4A5F6B994}.Release|Any CPU.ActiveCfg = Release|Any CPU
		{3D72E474-AD13-4718-8C1C-1AF4A5F6B994}.Release|Any CPU.Build.0 = Release|Any CPU
		{220FA83E-B20A-4845-B6FB-7B4AEB5C5E68}.Debug|Any CPU.ActiveCfg = Debug|Any CPU
		{220FA83E-B20A-4845-B6FB-7B4AEB5C5E68}.Debug|Any CPU.Build.0 = Debug|Any CPU
		{220FA83E-B20A-4845-B6FB-7B4AEB5C5E68}.Release|Any CPU.ActiveCfg = Release|Any CPU
		{220FA83E-B20A-4845-B6FB-7B4AEB5C5E68}.Release|Any CPU.Build.0 = Release|Any CPU
		{E3E3DB92-5F94-44ED-A65A-380FA544A8A1}.Debug|Any CPU.ActiveCfg = Debug|Any CPU
		{E3E3DB92-5F94-44ED-A65A-380FA544A8A1}.Debug|Any CPU.Build.0 = Debug|Any CPU
		{E3E3DB92-5F94-44ED-A65A-380FA544A8A1}.Release|Any CPU.ActiveCfg = Release|Any CPU
		{E3E3DB92-5F94-44ED-A65A-380FA544A8A1}.Release|Any CPU.Build.0 = Release|Any CPU
		{CDFF4BD9-C0BC-4B4A-8D8B-0AA73D0DDAB3}.Debug|Any CPU.ActiveCfg = Debug|Any CPU
		{CDFF4BD9-C0BC-4B4A-8D8B-0AA73D0DDAB3}.Debug|Any CPU.Build.0 = Debug|Any CPU
		{CDFF4BD9-C0BC-4B4A-8D8B-0AA73D0DDAB3}.Release|Any CPU.ActiveCfg = Release|Any CPU
		{CDFF4BD9-C0BC-4B4A-8D8B-0AA73D0DDAB3}.Release|Any CPU.Build.0 = Release|Any CPU
	EndGlobalSection
	GlobalSection(SolutionProperties) = preSolution
		HideSolutionNode = FALSE
	EndGlobalSection
	GlobalSection(ExtensibilityGlobals) = postSolution
		SolutionGuid = {1591277B-0663-478E-9F51-610479B8EADE}
	EndGlobalSection
EndGlobal
